// !$*UTF8*$!
{
	archiveVersion = 1;
	classes = {
	};
	objectVersion = 46;
	objects = {

/* Begin PBXBuildFile section */
		1E94259B156A33AD00D2A101 /* UIKit.framework in Frameworks */ = {isa = PBXBuildFile; fileRef = 1E94259A156A33AD00D2A101 /* UIKit.framework */; };
		1E94259D156A33AD00D2A101 /* Foundation.framework in Frameworks */ = {isa = PBXBuildFile; fileRef = 1E94259C156A33AD00D2A101 /* Foundation.framework */; };
		1E94259F156A33AD00D2A101 /* CoreGraphics.framework in Frameworks */ = {isa = PBXBuildFile; fileRef = 1E94259E156A33AD00D2A101 /* CoreGraphics.framework */; };
		1E9425A5156A33AD00D2A101 /* InfoPlist.strings in Resources */ = {isa = PBXBuildFile; fileRef = 1E9425A3156A33AD00D2A101 /* InfoPlist.strings */; };
		1E9425A7156A33AD00D2A101 /* main.m in Sources */ = {isa = PBXBuildFile; fileRef = 1E9425A6156A33AD00D2A101 /* main.m */; };
		1E9425AB156A33AD00D2A101 /* AppDelegate.m in Sources */ = {isa = PBXBuildFile; fileRef = 1E9425AA156A33AD00D2A101 /* AppDelegate.m */; };
		1E9425AE156A33AD00D2A101 /* MainStoryboard_iPhone.storyboard in Resources */ = {isa = PBXBuildFile; fileRef = 1E9425AC156A33AD00D2A101 /* MainStoryboard_iPhone.storyboard */; };
		1E9425B1156A33AD00D2A101 /* MainStoryboard_iPad.storyboard in Resources */ = {isa = PBXBuildFile; fileRef = 1E9425AF156A33AD00D2A101 /* MainStoryboard_iPad.storyboard */; };
		1E9425B4156A33AD00D2A101 /* MasterViewController.m in Sources */ = {isa = PBXBuildFile; fileRef = 1E9425B3156A33AD00D2A101 /* MasterViewController.m */; };
		1E9425B7156A33AD00D2A101 /* DetailViewController.m in Sources */ = {isa = PBXBuildFile; fileRef = 1E9425B6156A33AD00D2A101 /* DetailViewController.m */; };
		1E9425BF156A33AD00D2A101 /* SenTestingKit.framework in Frameworks */ = {isa = PBXBuildFile; fileRef = 1E9425BE156A33AD00D2A101 /* SenTestingKit.framework */; };
		1E9425C0156A33AD00D2A101 /* UIKit.framework in Frameworks */ = {isa = PBXBuildFile; fileRef = 1E94259A156A33AD00D2A101 /* UIKit.framework */; };
		1E9425C1156A33AD00D2A101 /* Foundation.framework in Frameworks */ = {isa = PBXBuildFile; fileRef = 1E94259C156A33AD00D2A101 /* Foundation.framework */; };
		1E9425C9156A33AD00D2A101 /* InfoPlist.strings in Resources */ = {isa = PBXBuildFile; fileRef = 1E9425C7156A33AD00D2A101 /* InfoPlist.strings */; };
		1E9425CC156A33AD00D2A101 /* AppTests.m in Sources */ = {isa = PBXBuildFile; fileRef = 1E9425CB156A33AD00D2A101 /* AppTests.m */; };
		1ED1A343156A855B00476956 /* AppDelegate.m in Sources */ = {isa = PBXBuildFile; fileRef = 1E9425AA156A33AD00D2A101 /* AppDelegate.m */; };
/* End PBXBuildFile section */

/* Begin PBXContainerItemProxy section */
		1E9425C2156A33AD00D2A101 /* PBXContainerItemProxy */ = {
			isa = PBXContainerItemProxy;
			containerPortal = 1E94258D156A33AD00D2A101 /* Project object */;
			proxyType = 1;
			remoteGlobalIDString = 1E942595156A33AD00D2A101;
			remoteInfo = App;
		};
/* End PBXContainerItemProxy section */

/* Begin PBXFileReference section */
		1E942596156A33AD00D2A101 /* App.app */ = {isa = PBXFileReference; explicitFileType = wrapper.application; includeInIndex = 0; path = App.app; sourceTree = BUILT_PRODUCTS_DIR; };
		1E94259A156A33AD00D2A101 /* UIKit.framework */ = {isa = PBXFileReference; lastKnownFileType = wrapper.framework; name = UIKit.framework; path = System/Library/Frameworks/UIKit.framework; sourceTree = SDKROOT; };
		1E94259C156A33AD00D2A101 /* Foundation.framework */ = {isa = PBXFileReference; lastKnownFileType = wrapper.framework; name = Foundation.framework; path = System/Library/Frameworks/Foundation.framework; sourceTree = SDKROOT; };
		1E94259E156A33AD00D2A101 /* CoreGraphics.framework */ = {isa = PBXFileReference; lastKnownFileType = wrapper.framework; name = CoreGraphics.framework; path = System/Library/Frameworks/CoreGraphics.framework; sourceTree = SDKROOT; };
		1E9425A2156A33AD00D2A101 /* App-Info.plist */ = {isa = PBXFileReference; lastKnownFileType = text.plist.xml; path = "App-Info.plist"; sourceTree = "<group>"; };
		1E9425A4156A33AD00D2A101 /* en */ = {isa = PBXFileReference; lastKnownFileType = text.plist.strings; name = en; path = en.lproj/InfoPlist.strings; sourceTree = "<group>"; };
		1E9425A6156A33AD00D2A101 /* main.m */ = {isa = PBXFileReference; lastKnownFileType = sourcecode.c.objc; path = main.m; sourceTree = "<group>"; };
		1E9425A8156A33AD00D2A101 /* App-Prefix.pch */ = {isa = PBXFileReference; lastKnownFileType = sourcecode.c.h; path = "App-Prefix.pch"; sourceTree = "<group>"; };
		1E9425AA156A33AD00D2A101 /* AppDelegate.m */ = {isa = PBXFileReference; lastKnownFileType = sourcecode.c.objc; path = AppDelegate.m; sourceTree = "<group>"; };
		1E9425AD156A33AD00D2A101 /* en */ = {isa = PBXFileReference; lastKnownFileType = file.storyboard; name = en; path = en.lproj/MainStoryboard_iPhone.storyboard; sourceTree = "<group>"; };
		1E9425B0156A33AD00D2A101 /* en */ = {isa = PBXFileReference; lastKnownFileType = file.storyboard; name = en; path = en.lproj/MainStoryboard_iPad.storyboard; sourceTree = "<group>"; };
		1E9425B2156A33AD00D2A101 /* MasterViewController.h */ = {isa = PBXFileReference; lastKnownFileType = sourcecode.c.h; path = MasterViewController.h; sourceTree = "<group>"; };
		1E9425B3156A33AD00D2A101 /* MasterViewController.m */ = {isa = PBXFileReference; lastKnownFileType = sourcecode.c.objc; path = MasterViewController.m; sourceTree = "<group>"; };
		1E9425B5156A33AD00D2A101 /* DetailViewController.h */ = {isa = PBXFileReference; lastKnownFileType = sourcecode.c.h; path = DetailViewController.h; sourceTree = "<group>"; };
		1E9425B6156A33AD00D2A101 /* DetailViewController.m */ = {isa = PBXFileReference; lastKnownFileType = sourcecode.c.objc; path = DetailViewController.m; sourceTree = "<group>"; };
		1E9425BD156A33AD00D2A101 /* AppTests.octest */ = {isa = PBXFileReference; explicitFileType = wrapper.cfbundle; includeInIndex = 0; path = AppTests.octest; sourceTree = BUILT_PRODUCTS_DIR; };
		1E9425BE156A33AD00D2A101 /* SenTestingKit.framework */ = {isa = PBXFileReference; lastKnownFileType = wrapper.framework; name = SenTestingKit.framework; path = Library/Frameworks/SenTestingKit.framework; sourceTree = DEVELOPER_DIR; };
		1E9425C6156A33AD00D2A101 /* AppTests-Info.plist */ = {isa = PBXFileReference; lastKnownFileType = text.plist.xml; path = "AppTests-Info.plist"; sourceTree = "<group>"; };
		1E9425C8156A33AD00D2A101 /* en */ = {isa = PBXFileReference; lastKnownFileType = text.plist.strings; name = en; path = en.lproj/InfoPlist.strings; sourceTree = "<group>"; };
		1E9425CA156A33AD00D2A101 /* AppTests.h */ = {isa = PBXFileReference; lastKnownFileType = sourcecode.c.h; path = AppTests.h; sourceTree = "<group>"; };
		1E9425CB156A33AD00D2A101 /* AppTests.m */ = {isa = PBXFileReference; lastKnownFileType = sourcecode.c.objc; path = AppTests.m; sourceTree = "<group>"; };
		1ED1A341156A855500476956 /* en */ = {isa = PBXFileReference; lastKnownFileType = sourcecode.c.h; name = en; path = en.lproj/AppDelegate.h; sourceTree = "<group>"; };
/* End PBXFileReference section */

/* Begin PBXFrameworksBuildPhase section */
		1E942593156A33AD00D2A101 /* Frameworks */ = {
			isa = PBXFrameworksBuildPhase;
			buildActionMask = 2147483647;
			files = (
				1E94259B156A33AD00D2A101 /* UIKit.framework in Frameworks */,
				1E94259D156A33AD00D2A101 /* Foundation.framework in Frameworks */,
				1E94259F156A33AD00D2A101 /* CoreGraphics.framework in Frameworks */,
			);
			runOnlyForDeploymentPostprocessing = 0;
		};
		1E9425B9156A33AD00D2A101 /* Frameworks */ = {
			isa = PBXFrameworksBuildPhase;
			buildActionMask = 2147483647;
			files = (
				1E9425BF156A33AD00D2A101 /* SenTestingKit.framework in Frameworks */,
				1E9425C0156A33AD00D2A101 /* UIKit.framework in Frameworks */,
				1E9425C1156A33AD00D2A101 /* Foundation.framework in Frameworks */,
			);
			runOnlyForDeploymentPostprocessing = 0;
		};
/* End PBXFrameworksBuildPhase section */

/* Begin PBXGroup section */
		1E94258B156A33AD00D2A101 = {
			isa = PBXGroup;
			children = (
				1E9425A0156A33AD00D2A101 /* App */,
				1E9425C4156A33AD00D2A101 /* AppTests */,
				1E942599156A33AD00D2A101 /* Frameworks */,
				1E942597156A33AD00D2A101 /* Products */,
			);
			sourceTree = "<group>";
		};
		1E942597156A33AD00D2A101 /* Products */ = {
			isa = PBXGroup;
			children = (
				1E942596156A33AD00D2A101 /* App.app */,
				1E9425BD156A33AD00D2A101 /* AppTests.octest */,
			);
			name = Products;
			sourceTree = "<group>";
		};
		1E942599156A33AD00D2A101 /* Frameworks */ = {
			isa = PBXGroup;
			children = (
				1E94259A156A33AD00D2A101 /* UIKit.framework */,
				1E94259C156A33AD00D2A101 /* Foundation.framework */,
				1E94259E156A33AD00D2A101 /* CoreGraphics.framework */,
				1E9425BE156A33AD00D2A101 /* SenTestingKit.framework */,
			);
			name = Frameworks;
			sourceTree = "<group>";
		};
		1E9425A0156A33AD00D2A101 /* App */ = {
			isa = PBXGroup;
			children = (
				1ED1A342156A855500476956 /* AppDelegate.h */,
				1E9425AA156A33AD00D2A101 /* AppDelegate.m */,
				1E9425AC156A33AD00D2A101 /* MainStoryboard_iPhone.storyboard */,
				1E9425AF156A33AD00D2A101 /* MainStoryboard_iPad.storyboard */,
				1E9425B2156A33AD00D2A101 /* MasterViewController.h */,
				1E9425B3156A33AD00D2A101 /* MasterViewController.m */,
				1E9425B5156A33AD00D2A101 /* DetailViewController.h */,
				1E9425B6156A33AD00D2A101 /* DetailViewController.m */,
				1E9425A1156A33AD00D2A101 /* Supporting Files */,
			);
			path = App;
			sourceTree = "<group>";
			usesTabs = 0;
		};
		1E9425A1156A33AD00D2A101 /* Supporting Files */ = {
			isa = PBXGroup;
			children = (
				1E9425A2156A33AD00D2A101 /* App-Info.plist */,
				1E9425A3156A33AD00D2A101 /* InfoPlist.strings */,
				1E9425A6156A33AD00D2A101 /* main.m */,
				1E9425A8156A33AD00D2A101 /* App-Prefix.pch */,
			);
			name = "Supporting Files";
			sourceTree = "<group>";
		};
		1E9425C4156A33AD00D2A101 /* AppTests */ = {
			isa = PBXGroup;
			children = (
				1E9425CA156A33AD00D2A101 /* AppTests.h */,
				1E9425CB156A33AD00D2A101 /* AppTests.m */,
				1E9425C5156A33AD00D2A101 /* Supporting Files */,
			);
			path = AppTests;
			sourceTree = "<group>";
		};
		1E9425C5156A33AD00D2A101 /* Supporting Files */ = {
			isa = PBXGroup;
			children = (
				1E9425C6156A33AD00D2A101 /* AppTests-Info.plist */,
				1E9425C7156A33AD00D2A101 /* InfoPlist.strings */,
			);
			name = "Supporting Files";
			sourceTree = "<group>";
		};
/* End PBXGroup section */

/* Begin PBXNativeTarget section */
		1E942595156A33AD00D2A101 /* App */ = {
			isa = PBXNativeTarget;
			buildConfigurationList = 1E9425CF156A33AD00D2A101 /* Build configuration list for PBXNativeTarget "App" */;
			buildPhases = (
				1E942592156A33AD00D2A101 /* Sources */,
				1E942593156A33AD00D2A101 /* Frameworks */,
				1E942594156A33AD00D2A101 /* Resources */,
			);
			buildRules = (
			);
			dependencies = (
			);
			name = App;
			productName = App;
			productReference = 1E942596156A33AD00D2A101 /* App.app */;
			productType = "com.apple.product-type.application";
		};
		1E9425BC156A33AD00D2A101 /* AppTests */ = {
			isa = PBXNativeTarget;
			buildConfigurationList = 1E9425D2156A33AD00D2A101 /* Build configuration list for PBXNativeTarget "AppTests" */;
			buildPhases = (
				1E9425B8156A33AD00D2A101 /* Sources */,
				1E9425B9156A33AD00D2A101 /* Frameworks */,
				1E9425BA156A33AD00D2A101 /* Resources */,
				1E9425BB156A33AD00D2A101 /* ShellScript */,
			);
			buildRules = (
			);
			dependencies = (
				1E9425C3156A33AD00D2A101 /* PBXTargetDependency */,
			);
			name = AppTests;
			productName = AppTests;
			productReference = 1E9425BD156A33AD00D2A101 /* AppTests.octest */;
			productType = "com.apple.product-type.bundle";
		};
/* End PBXNativeTarget section */

/* Begin PBXProject section */
		1E94258D156A33AD00D2A101 /* Project object */ = {
			isa = PBXProject;
			attributes = {
				LastUpgradeCheck = 0430;
			};
			buildConfigurationList = 1E942590156A33AD00D2A101 /* Build configuration list for PBXProject "App" */;
			compatibilityVersion = "Xcode 3.2";
			developmentRegion = English;
			hasScannedForEncodings = 0;
			knownRegions = (
				en,
			);
			mainGroup = 1E94258B156A33AD00D2A101;
			productRefGroup = 1E942597156A33AD00D2A101 /* Products */;
			projectDirPath = "";
			projectRoot = "";
			targets = (
				1E942595156A33AD00D2A101 /* App */,
				1E9425BC156A33AD00D2A101 /* AppTests */,
			);
		};
/* End PBXProject section */

/* Begin PBXResourcesBuildPhase section */
		1E942594156A33AD00D2A101 /* Resources */ = {
			isa = PBXResourcesBuildPhase;
			buildActionMask = 2147483647;
			files = (
				1E9425A5156A33AD00D2A101 /* InfoPlist.strings in Resources */,
				1E9425AE156A33AD00D2A101 /* MainStoryboard_iPhone.storyboard in Resources */,
				1E9425B1156A33AD00D2A101 /* MainStoryboard_iPad.storyboard in Resources */,
			);
			runOnlyForDeploymentPostprocessing = 0;
		};
		1E9425BA156A33AD00D2A101 /* Resources */ = {
			isa = PBXResourcesBuildPhase;
			buildActionMask = 2147483647;
			files = (
				1E9425C9156A33AD00D2A101 /* InfoPlist.strings in Resources */,
			);
			runOnlyForDeploymentPostprocessing = 0;
		};
/* End PBXResourcesBuildPhase section */

/* Begin PBXShellScriptBuildPhase section */
		1E9425BB156A33AD00D2A101 /* ShellScript */ = {
			isa = PBXShellScriptBuildPhase;
			buildActionMask = 2147483647;
			files = (
			);
			inputPaths = (
			);
			outputPaths = (
			);
			runOnlyForDeploymentPostprocessing = 0;
			shellPath = /bin/sh;
			shellScript = "# Run the unit tests in this test bundle.\n\"${SYSTEM_DEVELOPER_DIR}/Tools/RunUnitTests\"\n";
		};
/* End PBXShellScriptBuildPhase section */

/* Begin PBXSourcesBuildPhase section */
		1E942592156A33AD00D2A101 /* Sources */ = {
			isa = PBXSourcesBuildPhase;
			buildActionMask = 2147483647;
			files = (
				1E9425A7156A33AD00D2A101 /* main.m in Sources */,
				1E9425AB156A33AD00D2A101 /* AppDelegate.m in Sources */,
				1E9425B4156A33AD00D2A101 /* MasterViewController.m in Sources */,
				1E9425B7156A33AD00D2A101 /* DetailViewController.m in Sources */,
			);
			runOnlyForDeploymentPostprocessing = 0;
		};
		1E9425B8156A33AD00D2A101 /* Sources */ = {
			isa = PBXSourcesBuildPhase;
			buildActionMask = 2147483647;
			files = (
				1E9425CC156A33AD00D2A101 /* AppTests.m in Sources */,
				1ED1A343156A855B00476956 /* AppDelegate.m in Sources */,
			);
			runOnlyForDeploymentPostprocessing = 0;
		};
/* End PBXSourcesBuildPhase section */

/* Begin PBXTargetDependency section */
		1E9425C3156A33AD00D2A101 /* PBXTargetDependency */ = {
			isa = PBXTargetDependency;
			target = 1E942595156A33AD00D2A101 /* App */;
			targetProxy = 1E9425C2156A33AD00D2A101 /* PBXContainerItemProxy */;
		};
/* End PBXTargetDependency section */

/* Begin PBXVariantGroup section */
		1E9425A3156A33AD00D2A101 /* InfoPlist.strings */ = {
			isa = PBXVariantGroup;
			children = (
				1E9425A4156A33AD00D2A101 /* en */,
			);
			name = InfoPlist.strings;
			sourceTree = "<group>";
		};
		1E9425AC156A33AD00D2A101 /* MainStoryboard_iPhone.storyboard */ = {
			isa = PBXVariantGroup;
			children = (
				1E9425AD156A33AD00D2A101 /* en */,
			);
			name = MainStoryboard_iPhone.storyboard;
			sourceTree = "<group>";
		};
		1E9425AF156A33AD00D2A101 /* MainStoryboard_iPad.storyboard */ = {
			isa = PBXVariantGroup;
			children = (
				1E9425B0156A33AD00D2A101 /* en */,
			);
			name = MainStoryboard_iPad.storyboard;
			sourceTree = "<group>";
		};
		1E9425C7156A33AD00D2A101 /* InfoPlist.strings */ = {
			isa = PBXVariantGroup;
			children = (
				1E9425C8156A33AD00D2A101 /* en */,
			);
			name = InfoPlist.strings;
			sourceTree = "<group>";
		};
		1ED1A342156A855500476956 /* AppDelegate.h */ = {
			isa = PBXVariantGroup;
			children = (
				1ED1A341156A855500476956 /* en */,
			);
			name = AppDelegate.h;
			sourceTree = "<group>";
		};
/* End PBXVariantGroup section */

/* Begin XCBuildConfiguration section */
		1E9425CD156A33AD00D2A101 /* Debug */ = {
			isa = XCBuildConfiguration;
			buildSettings = {
				ALWAYS_SEARCH_USER_PATHS = NO;
				ARCHS = "$(ARCHS_STANDARD_32_BIT)";
				CLANG_ENABLE_OBJC_ARC = YES;
				"CODE_SIGN_IDENTITY[sdk=iphoneos*]" = "iPhone Developer";
				COPY_PHASE_STRIP = NO;
				GCC_C_LANGUAGE_STANDARD = gnu99;
				GCC_DYNAMIC_NO_PIC = NO;
				GCC_OPTIMIZATION_LEVEL = 0;
				GCC_PREPROCESSOR_DEFINITIONS = (
					"DEBUG=1",
					"$(inherited)",
				);
				GCC_SYMBOLS_PRIVATE_EXTERN = NO;
				GCC_VERSION = com.apple.compilers.llvm.clang.1_0;
				GCC_WARN_ABOUT_RETURN_TYPE = YES;
				GCC_WARN_UNINITIALIZED_AUTOS = YES;
				GCC_WARN_UNUSED_VARIABLE = YES;
				IPHONEOS_DEPLOYMENT_TARGET = 5.1;
				SDKROOT = iphoneos;
				TARGETED_DEVICE_FAMILY = "1,2";
			};
			name = Debug;
		};
		1E9425CE156A33AD00D2A101 /* Release */ = {
			isa = XCBuildConfiguration;
			buildSettings = {
				ALWAYS_SEARCH_USER_PATHS = NO;
				ARCHS = "$(ARCHS_STANDARD_32_BIT)";
				CLANG_ENABLE_OBJC_ARC = YES;
				"CODE_SIGN_IDENTITY[sdk=iphoneos*]" = "iPhone Developer";
				COPY_PHASE_STRIP = YES;
				GCC_C_LANGUAGE_STANDARD = gnu99;
				GCC_VERSION = com.apple.compilers.llvm.clang.1_0;
				GCC_WARN_ABOUT_RETURN_TYPE = YES;
				GCC_WARN_UNINITIALIZED_AUTOS = YES;
				GCC_WARN_UNUSED_VARIABLE = YES;
				IPHONEOS_DEPLOYMENT_TARGET = 5.1;
				OTHER_CFLAGS = "-DNS_BLOCK_ASSERTIONS=1";
				SDKROOT = iphoneos;
				TARGETED_DEVICE_FAMILY = "1,2";
				VALIDATE_PRODUCT = YES;
			};
			name = Release;
		};
		1E9425D0156A33AD00D2A101 /* Debug */ = {
			isa = XCBuildConfiguration;
			buildSettings = {
				GCC_PRECOMPILE_PREFIX_HEADER = YES;
				GCC_PREFIX_HEADER = "App/App-Prefix.pch";
				INFOPLIST_FILE = "App/App-Info.plist";
				PRODUCT_NAME = "$(TARGET_NAME)";
				WRAPPER_EXTENSION = app;
			};
			name = Debug;
		};
		1E9425D1156A33AD00D2A101 /* Release */ = {
			isa = XCBuildConfiguration;
			buildSettings = {
				GCC_PRECOMPILE_PREFIX_HEADER = YES;
				GCC_PREFIX_HEADER = "App/App-Prefix.pch";
				INFOPLIST_FILE = "App/App-Info.plist";
				PRODUCT_NAME = "$(TARGET_NAME)";
				WRAPPER_EXTENSION = app;
			};
			name = Release;
		};
		1E9425D3156A33AD00D2A101 /* Debug */ = {
			isa = XCBuildConfiguration;
			buildSettings = {
				BUNDLE_LOADER = "$(BUILT_PRODUCTS_DIR)/App.app/App";
				FRAMEWORK_SEARCH_PATHS = (
					"$(SDKROOT)/Developer/Library/Frameworks",
					"$(DEVELOPER_LIBRARY_DIR)/Frameworks",
				);
				GCC_PRECOMPILE_PREFIX_HEADER = YES;
				GCC_PREFIX_HEADER = "App/App-Prefix.pch";
				INFOPLIST_FILE = "AppTests/AppTests-Info.plist";
				PRODUCT_NAME = "$(TARGET_NAME)";
				TEST_HOST = "$(BUNDLE_LOADER)";
				WRAPPER_EXTENSION = octest;
			};
			name = Debug;
		};
		1E9425D4156A33AD00D2A101 /* Release */ = {
			isa = XCBuildConfiguration;
			buildSettings = {
				BUNDLE_LOADER = "$(BUILT_PRODUCTS_DIR)/App.app/App";
				FRAMEWORK_SEARCH_PATHS = (
					"$(SDKROOT)/Developer/Library/Frameworks",
					"$(DEVELOPER_LIBRARY_DIR)/Frameworks",
				);
				GCC_PRECOMPILE_PREFIX_HEADER = YES;
				GCC_PREFIX_HEADER = "App/App-Prefix.pch";
				INFOPLIST_FILE = "AppTests/AppTests-Info.plist";
				PRODUCT_NAME = "$(TARGET_NAME)";
				TEST_HOST = "$(BUNDLE_LOADER)";
				WRAPPER_EXTENSION = octest;
			};
			name = Release;
		};
/* End XCBuildConfiguration section */

/* Begin XCConfigurationList section */
		1E942590156A33AD00D2A101 /* Build configuration list for PBXProject "App" */ = {
			isa = XCConfigurationList;
			buildConfigurations = (
				1E9425CD156A33AD00D2A101 /* Debug */,
				1E9425CE156A33AD00D2A101 /* Release */,
			);
			defaultConfigurationIsVisible = 0;
			defaultConfigurationName = Release;
		};
		1E9425CF156A33AD00D2A101 /* Build configuration list for PBXNativeTarget "App" */ = {
			isa = XCConfigurationList;
			buildConfigurations = (
				1E9425D0156A33AD00D2A101 /* Debug */,
				1E9425D1156A33AD00D2A101 /* Release */,
			);
			defaultConfigurationIsVisible = 0;
			defaultConfigurationName = Release;
		};
		1E9425D2156A33AD00D2A101 /* Build configuration list for PBXNativeTarget "AppTests" */ = {
			isa = XCConfigurationList;
			buildConfigurations = (
				1E9425D3156A33AD00D2A101 /* Debug */,
				1E9425D4156A33AD00D2A101 /* Release */,
			);
			defaultConfigurationIsVisible = 0;
			defaultConfigurationName = Release;
		};
/* End XCConfigurationList section */
	};
	rootObject = 1E94258D156A33AD00D2A101 /* Project object */;
}
